
Microsoft Visual Studio Solution File, Format Version 12.00
# Visual Studio Version 16
VisualStudioVersion = 16.0.30011.22
MinimumVisualStudioVersion = 10.0.40219.1
Project("{9A19103F-16F7-4668-BE54-9A1E7A4F7556}") = "ArcGisServerRestApiWrapper", "ArcGisServerRestApiWrapper\ArcGisServerRestApiWrapper.csproj", "{6B33CDEE-5B6F-4F16-BC8E-D48D41CEEFE5}"
EndProject
Project("{9A19103F-16F7-4668-BE54-9A1E7A4F7556}") = "UnitTests", "UnitTests\UnitTests.csproj", "{226ECB04-283B-45FA-9423-C4C86079EF80}"
EndProject
Project("{2150E333-8FDC-42A3-9474-1A3956D46DE8}") = "Solution Items", "Solution Items", "{161B00E5-44F3-4B22-9E24-1F018160A664}"
	ProjectSection(SolutionItems) = preProject
		README.md = README.md
	EndProjectSection
EndProject
Global
	GlobalSection(SolutionConfigurationPlatforms) = preSolution
		Debug|Any CPU = Debug|Any CPU
		Debug|Mixed Platforms = Debug|Mixed Platforms
		Debug|x86 = Debug|x86
		Publish|Any CPU = Publish|Any CPU
		Publish|Mixed Platforms = Publish|Mixed Platforms
		Publish|x86 = Publish|x86
		Publish-Local-Dev|Any CPU = Publish-Local-Dev|Any CPU
		Publish-Local-Dev|Mixed Platforms = Publish-Local-Dev|Mixed Platforms
		Publish-Local-Dev|x86 = Publish-Local-Dev|x86
		Release|Any CPU = Release|Any CPU
		Release|Mixed Platforms = Release|Mixed Platforms
		Release|x86 = Release|x86
	EndGlobalSection
	GlobalSection(ProjectConfigurationPlatforms) = postSolution
		{6B33CDEE-5B6F-4F16-BC8E-D48D41CEEFE5}.Debug|Any CPU.ActiveCfg = Debug|Any CPU
		{6B33CDEE-5B6F-4F16-BC8E-D48D41CEEFE5}.Debug|Any CPU.Build.0 = Debug|Any CPU
		{6B33CDEE-5B6F-4F16-BC8E-D48D41CEEFE5}.Debug|Mixed Platforms.ActiveCfg = Debug|Any CPU
		{6B33CDEE-5B6F-4F16-BC8E-D48D41CEEFE5}.Debug|Mixed Platforms.Build.0 = Debug|Any CPU
		{6B33CDEE-5B6F-4F16-BC8E-D48D41CEEFE5}.Debug|x86.ActiveCfg = Debug|Any CPU
		{6B33CDEE-5B6F-4F16-BC8E-D48D41CEEFE5}.Publish|Any CPU.ActiveCfg = Release|Any CPU
		{6B33CDEE-5B6F-4F16-BC8E-D48D41CEEFE5}.Publish|Any CPU.Build.0 = Release|Any CPU
		{6B33CDEE-5B6F-4F16-BC8E-D48D41CEEFE5}.Publish|Mixed Platforms.ActiveCfg = Release|Any CPU
		{6B33CDEE-5B6F-4F16-BC8E-D48D41CEEFE5}.Publish|Mixed Platforms.Build.0 = Release|Any CPU
		{6B33CDEE-5B6F-4F16-BC8E-D48D41CEEFE5}.Publish|x86.ActiveCfg = Release|Any CPU
		{6B33CDEE-5B6F-4F16-BC8E-D48D41CEEFE5}.Publish|x86.Build.0 = Release|Any CPU
		{6B33CDEE-5B6F-4F16-BC8E-D48D41CEEFE5}.Publish-Local-Dev|Any CPU.ActiveCfg = Release|Any CPU
		{6B33CDEE-5B6F-4F16-BC8E-D48D41CEEFE5}.Publish-Local-Dev|Any CPU.Build.0 = Release|Any CPU
		{6B33CDEE-5B6F-4F16-BC8E-D48D41CEEFE5}.Publish-Local-Dev|Mixed Platforms.ActiveCfg = Release|Any CPU
		{6B33CDEE-5B6F-4F16-BC8E-D48D41CEEFE5}.Publish-Local-Dev|Mixed Platforms.Build.0 = Release|Any CPU
		{6B33CDEE-5B6F-4F16-BC8E-D48D41CEEFE5}.Publish-Local-Dev|x86.ActiveCfg = Release|Any CPU
		{6B33CDEE-5B6F-4F16-BC8E-D48D41CEEFE5}.Publish-Local-Dev|x86.Build.0 = Release|Any CPU
		{6B33CDEE-5B6F-4F16-BC8E-D48D41CEEFE5}.Release|Any CPU.ActiveCfg = Release|Any CPU
		{6B33CDEE-5B6F-4F16-BC8E-D48D41CEEFE5}.Release|Any CPU.Build.0 = Release|Any CPU
		{6B33CDEE-5B6F-4F16-BC8E-D48D41CEEFE5}.Release|Mixed Platforms.ActiveCfg = Release|Any CPU
		{6B33CDEE-5B6F-4F16-BC8E-D48D41CEEFE5}.Release|Mixed Platforms.Build.0 = Release|Any CPU
		{6B33CDEE-5B6F-4F16-BC8E-D48D41CEEFE5}.Release|x86.ActiveCfg = Release|Any CPU
		{226ECB04-283B-45FA-9423-C4C86079EF80}.Debug|Any CPU.ActiveCfg = Debug|Any CPU
		{226ECB04-283B-45FA-9423-C4C86079EF80}.Debug|Any CPU.Build.0 = Debug|Any CPU
		{226ECB04-283B-45FA-9423-C4C86079EF80}.Debug|Mixed Platforms.ActiveCfg = Debug|Any CPU
		{226ECB04-283B-45FA-9423-C4C86079EF80}.Debug|Mixed Platforms.Build.0 = Debug|Any CPU
		{226ECB04-283B-45FA-9423-C4C86079EF80}.Debug|x86.ActiveCfg = Debug|Any CPU
		{226ECB04-283B-45FA-9423-C4C86079EF80}.Publish|Any CPU.ActiveCfg = Release|Any CPU
		{226ECB04-283B-45FA-9423-C4C86079EF80}.Publish|Any CPU.Build.0 = Release|Any CPU
		{226ECB04-283B-45FA-9423-C4C86079EF80}.Publish|Mixed Platforms.ActiveCfg = Release|Any CPU
		{226ECB04-283B-45FA-9423-C4C86079EF80}.Publish|Mixed Platforms.Build.0 = Release|Any CPU
		{226ECB04-283B-45FA-9423-C4C86079EF80}.Publish|x86.ActiveCfg = Release|Any CPU
		{226ECB04-283B-45FA-9423-C4C86079EF80}.Publish|x86.Build.0 = Release|Any CPU
		{226ECB04-283B-45FA-9423-C4C86079EF80}.Publish-Local-Dev|Any CPU.ActiveCfg = Release|Any CPU
		{226ECB04-283B-45FA-9423-C4C86079EF80}.Publish-Local-Dev|Any CPU.Build.0 = Release|Any CPU
		{226ECB04-283B-45FA-9423-C4C86079EF80}.Publish-Local-Dev|Mixed Platforms.ActiveCfg = Release|Any CPU
		{226ECB04-283B-45FA-9423-C4C86079EF80}.Publish-Local-Dev|Mixed Platforms.Build.0 = Release|Any CPU
		{226ECB04-283B-45FA-9423-C4C86079EF80}.Publish-Local-Dev|x86.ActiveCfg = Release|Any CPU
		{226ECB04-283B-45FA-9423-C4C86079EF80}.Publish-Local-Dev|x86.Build.0 = Release|Any CPU
		{226ECB04-283B-45FA-9423-C4C86079EF80}.Release|Any CPU.ActiveCfg = Release|Any CPU
		{226ECB04-283B-45FA-9423-C4C86079EF80}.Release|Any CPU.Build.0 = Release|Any CPU
		{226ECB04-283B-45FA-9423-C4C86079EF80}.Release|Mixed Platforms.ActiveCfg = Release|Any CPU
		{226ECB04-283B-45FA-9423-C4C86079EF80}.Release|Mixed Platforms.Build.0 = Release|Any CPU
		{226ECB04-283B-45FA-9423-C4C86079EF80}.Release|x86.ActiveCfg = Release|Any CPU
	EndGlobalSection
	GlobalSection(SolutionProperties) = preSolution
		HideSolutionNode = FALSE
	EndGlobalSection
	GlobalSection(ExtensibilityGlobals) = postSolution
		SolutionGuid = {8BD253A1-52A5-431C-B309-C214FA343A73}
	EndGlobalSection
EndGlobal
